
Microsoft Visual Studio Solution File, Format Version 12.00
# Visual Studio Version 16
VisualStudioVersion = 16.0.30804.86
MinimumVisualStudioVersion = 10.0.40219.1
Project("{FAE04EC0-301F-11D3-BF4B-00C04F79EFBC}") = "SourceControlFinalAssignment", "SourceControlFinalAssignment\SourceControlFinalAssignment.csproj", "{2F175241-9558-47B7-91F2-56BA020D27CF}"
EndProject
Global
	GlobalSection(SolutionConfigurationPlatforms) = preSolution
		Debug|Any CPU = Debug|Any CPU
		Release|Any CPU = Release|Any CPU
	EndGlobalSection
	GlobalSection(ProjectConfigurationPlatforms) = postSolution
		{2F175241-9558-47B7-91F2-56BA020D27CF}.Debug|Any CPU.ActiveCfg = Debug|Any CPU
		{2F175241-9558-47B7-91F2-56BA020D27CF}.Debug|Any CPU.Build.0 = Debug|Any CPU
		{2F175241-9558-47B7-91F2-56BA020D27CF}.Release|Any CPU.ActiveCfg = Release|Any CPU
		{2F175241-9558-47B7-91F2-56BA020D27CF}.Release|Any CPU.Build.0 = Release|Any CPU
	EndGlobalSection
	GlobalSection(SolutionProperties) = preSolution
		HideSolutionNode = FALSE
	EndGlobalSection
	GlobalSection(ExtensibilityGlobals) = postSolution
		SolutionGuid = {CD89FFA4-509C-4AE3-87E6-693E6442B96F}
	EndGlobalSection
EndGlobal
