
Microsoft Visual Studio Solution File, Format Version 12.00
# Visual Studio Version 16
VisualStudioVersion = 16.0.30804.86
MinimumVisualStudioVersion = 10.0.40219.1
Project("{2150E333-8FDC-42A3-9474-1A3956D46DE8}") = "Gateways", "Gateways", "{B66E603D-6FE0-43ED-A760-00515A3D26CB}"
EndProject
Project("{2150E333-8FDC-42A3-9474-1A3956D46DE8}") = "ProductService", "ProductService", "{2BC822D4-261E-40B1-AF45-26760E573AB1}"
EndProject
Project("{2150E333-8FDC-42A3-9474-1A3956D46DE8}") = "CustomerService", "CustomerService", "{38135983-59DA-4789-9F20-C402B83FD898}"
EndProject
Project("{2150E333-8FDC-42A3-9474-1A3956D46DE8}") = "ShippingService", "ShippingService", "{C7A8FE45-5E03-4A5D-BD09-EF44C0D50BA7}"
EndProject
Project("{2150E333-8FDC-42A3-9474-1A3956D46DE8}") = "Common", "Common", "{752A9043-88AB-48EA-BA6A-EE90289A6BF4}"
EndProject
Project("{9A19103F-16F7-4668-BE54-9A1E7A4F7556}") = "CustomerAPI", "CustomerAPI\CustomerAPI.csproj", "{6B2C20F4-A05B-4CA5-A5A4-03521726AC03}"
EndProject
Project("{9A19103F-16F7-4668-BE54-9A1E7A4F7556}") = "CustomerEntities", "CustomerEntities\CustomerEntities.csproj", "{2B92FBF3-36D2-4AF4-941C-CD3CE664B9F4}"
EndProject
Project("{9A19103F-16F7-4668-BE54-9A1E7A4F7556}") = "ProductAPI", "ProductAPI\ProductAPI.csproj", "{574F5957-5910-44EC-80D9-07BD1BB05FF5}"
EndProject
Project("{9A19103F-16F7-4668-BE54-9A1E7A4F7556}") = "ProductEntities", "ProductEntities\ProductEntities.csproj", "{9360F3ED-7BDB-4246-A766-5544EA77259E}"
EndProject
Project("{9A19103F-16F7-4668-BE54-9A1E7A4F7556}") = "ShippingAPI", "ShippingAPI\ShippingAPI.csproj", "{BA3F9214-4730-48F2-A084-660A56774756}"
EndProject
Project("{9A19103F-16F7-4668-BE54-9A1E7A4F7556}") = "ShippingEntities", "ShippingEntities\ShippingEntities.csproj", "{7118A350-0B64-4065-BA75-CF071DEEE85C}"
EndProject
Project("{9A19103F-16F7-4668-BE54-9A1E7A4F7556}") = "Web.HttpAggregator", "Web.HttpAggregator\Web.HttpAggregator.csproj", "{14A6B146-24E9-4B2E-8560-5606DC7D1150}"
EndProject
Project("{FAE04EC0-301F-11D3-BF4B-00C04F79EFBC}") = "CommonObjects", "CommonObjects\CommonObjects.csproj", "{EB06548A-430C-4DF7-B443-4C3C933A9B4C}"
EndProject
Global
	GlobalSection(SolutionConfigurationPlatforms) = preSolution
		Debug|Any CPU = Debug|Any CPU
		Release|Any CPU = Release|Any CPU
	EndGlobalSection
	GlobalSection(ProjectConfigurationPlatforms) = postSolution
		{6B2C20F4-A05B-4CA5-A5A4-03521726AC03}.Debug|Any CPU.ActiveCfg = Debug|Any CPU
		{6B2C20F4-A05B-4CA5-A5A4-03521726AC03}.Debug|Any CPU.Build.0 = Debug|Any CPU
		{6B2C20F4-A05B-4CA5-A5A4-03521726AC03}.Release|Any CPU.ActiveCfg = Release|Any CPU
		{6B2C20F4-A05B-4CA5-A5A4-03521726AC03}.Release|Any CPU.Build.0 = Release|Any CPU
		{2B92FBF3-36D2-4AF4-941C-CD3CE664B9F4}.Debug|Any CPU.ActiveCfg = Debug|Any CPU
		{2B92FBF3-36D2-4AF4-941C-CD3CE664B9F4}.Debug|Any CPU.Build.0 = Debug|Any CPU
		{2B92FBF3-36D2-4AF4-941C-CD3CE664B9F4}.Release|Any CPU.ActiveCfg = Release|Any CPU
		{2B92FBF3-36D2-4AF4-941C-CD3CE664B9F4}.Release|Any CPU.Build.0 = Release|Any CPU
		{574F5957-5910-44EC-80D9-07BD1BB05FF5}.Debug|Any CPU.ActiveCfg = Debug|Any CPU
		{574F5957-5910-44EC-80D9-07BD1BB05FF5}.Debug|Any CPU.Build.0 = Debug|Any CPU
		{574F5957-5910-44EC-80D9-07BD1BB05FF5}.Release|Any CPU.ActiveCfg = Release|Any CPU
		{574F5957-5910-44EC-80D9-07BD1BB05FF5}.Release|Any CPU.Build.0 = Release|Any CPU
		{9360F3ED-7BDB-4246-A766-5544EA77259E}.Debug|Any CPU.ActiveCfg = Debug|Any CPU
		{9360F3ED-7BDB-4246-A766-5544EA77259E}.Debug|Any CPU.Build.0 = Debug|Any CPU
		{9360F3ED-7BDB-4246-A766-5544EA77259E}.Release|Any CPU.ActiveCfg = Release|Any CPU
		{9360F3ED-7BDB-4246-A766-5544EA77259E}.Release|Any CPU.Build.0 = Release|Any CPU
		{BA3F9214-4730-48F2-A084-660A56774756}.Debug|Any CPU.ActiveCfg = Debug|Any CPU
		{BA3F9214-4730-48F2-A084-660A56774756}.Debug|Any CPU.Build.0 = Debug|Any CPU
		{BA3F9214-4730-48F2-A084-660A56774756}.Release|Any CPU.ActiveCfg = Release|Any CPU
		{BA3F9214-4730-48F2-A084-660A56774756}.Release|Any CPU.Build.0 = Release|Any CPU
		{7118A350-0B64-4065-BA75-CF071DEEE85C}.Debug|Any CPU.ActiveCfg = Debug|Any CPU
		{7118A350-0B64-4065-BA75-CF071DEEE85C}.Debug|Any CPU.Build.0 = Debug|Any CPU
		{7118A350-0B64-4065-BA75-CF071DEEE85C}.Release|Any CPU.ActiveCfg = Release|Any CPU
		{7118A350-0B64-4065-BA75-CF071DEEE85C}.Release|Any CPU.Build.0 = Release|Any CPU
		{14A6B146-24E9-4B2E-8560-5606DC7D1150}.Debug|Any CPU.ActiveCfg = Debug|Any CPU
		{14A6B146-24E9-4B2E-8560-5606DC7D1150}.Debug|Any CPU.Build.0 = Debug|Any CPU
		{14A6B146-24E9-4B2E-8560-5606DC7D1150}.Release|Any CPU.ActiveCfg = Release|Any CPU
		{14A6B146-24E9-4B2E-8560-5606DC7D1150}.Release|Any CPU.Build.0 = Release|Any CPU
		{EB06548A-430C-4DF7-B443-4C3C933A9B4C}.Debug|Any CPU.ActiveCfg = Debug|Any CPU
		{EB06548A-430C-4DF7-B443-4C3C933A9B4C}.Debug|Any CPU.Build.0 = Debug|Any CPU
		{EB06548A-430C-4DF7-B443-4C3C933A9B4C}.Release|Any CPU.ActiveCfg = Release|Any CPU
		{EB06548A-430C-4DF7-B443-4C3C933A9B4C}.Release|Any CPU.Build.0 = Release|Any CPU
	EndGlobalSection
	GlobalSection(SolutionProperties) = preSolution
		HideSolutionNode = FALSE
	EndGlobalSection
	GlobalSection(NestedProjects) = preSolution
		{6B2C20F4-A05B-4CA5-A5A4-03521726AC03} = {38135983-59DA-4789-9F20-C402B83FD898}
		{2B92FBF3-36D2-4AF4-941C-CD3CE664B9F4} = {38135983-59DA-4789-9F20-C402B83FD898}
		{574F5957-5910-44EC-80D9-07BD1BB05FF5} = {2BC822D4-261E-40B1-AF45-26760E573AB1}
		{9360F3ED-7BDB-4246-A766-5544EA77259E} = {2BC822D4-261E-40B1-AF45-26760E573AB1}
		{BA3F9214-4730-48F2-A084-660A56774756} = {C7A8FE45-5E03-4A5D-BD09-EF44C0D50BA7}
		{7118A350-0B64-4065-BA75-CF071DEEE85C} = {C7A8FE45-5E03-4A5D-BD09-EF44C0D50BA7}
		{14A6B146-24E9-4B2E-8560-5606DC7D1150} = {B66E603D-6FE0-43ED-A760-00515A3D26CB}
		{EB06548A-430C-4DF7-B443-4C3C933A9B4C} = {752A9043-88AB-48EA-BA6A-EE90289A6BF4}
	EndGlobalSection
	GlobalSection(ExtensibilityGlobals) = postSolution
		SolutionGuid = {2E3A7D28-5B51-4656-89A9-4E9033219B58}
	EndGlobalSection
EndGlobal
